
Microsoft Visual Studio Solution File, Format Version 12.00
# Visual Studio Version 17
VisualStudioVersion = 17.5.002.0
MinimumVisualStudioVersion = 10.0.40219.1
Project("{9A19103F-16F7-4668-BE54-9A1E7A4F7556}") = "ExecutesPlugin", "ExecutesPlugin.csproj", "{1C93EF89-68FC-4566-AACF-B6D7A384A5F3}"
EndProject
Global
	GlobalSection(SolutionConfigurationPlatforms) = preSolution
		Debug|Any CPU = Debug|Any CPU
		Release|Any CPU = Release|Any CPU
	EndGlobalSection
	GlobalSection(ProjectConfigurationPlatforms) = postSolution
		{1C93EF89-68FC-4566-AACF-B6D7A384A5F3}.Debug|Any CPU.ActiveCfg = Debug|Any CPU
		{1C93EF89-68FC-4566-AACF-B6D7A384A5F3}.Debug|Any CPU.Build.0 = Debug|Any CPU
		{1C93EF89-68FC-4566-AACF-B6D7A384A5F3}.Release|Any CPU.ActiveCfg = Release|Any CPU
		{1C93EF89-68FC-4566-AACF-B6D7A384A5F3}.Release|Any CPU.Build.0 = Release|Any CPU
	EndGlobalSection
	GlobalSection(SolutionProperties) = preSolution
		HideSolutionNode = FALSE
	EndGlobalSection
	GlobalSection(ExtensibilityGlobals) = postSolution
		SolutionGuid = {541F4ED7-6F72-4CA1-B736-673044F50559}
	EndGlobalSection
EndGlobal
